
Microsoft Visual Studio Solution File, Format Version 12.00
# Visual Studio Version 16
VisualStudioVersion = 16.0.31402.337
MinimumVisualStudioVersion = 10.0.40219.1
Project("{FAE04EC0-301F-11D3-BF4B-00C04F79EFBC}") = "WebMXH", "WebMXH\WebMXH.csproj", "{27424410-73D1-4A88-82E5-526F5D36DD0E}"
EndProject
Global
	GlobalSection(SolutionConfigurationPlatforms) = preSolution
		Debug|Any CPU = Debug|Any CPU
		Release|Any CPU = Release|Any CPU
	EndGlobalSection
	GlobalSection(ProjectConfigurationPlatforms) = postSolution
		{27424410-73D1-4A88-82E5-526F5D36DD0E}.Debug|Any CPU.ActiveCfg = Debug|Any CPU
		{27424410-73D1-4A88-82E5-526F5D36DD0E}.Debug|Any CPU.Build.0 = Debug|Any CPU
		{27424410-73D1-4A88-82E5-526F5D36DD0E}.Release|Any CPU.ActiveCfg = Release|Any CPU
		{27424410-73D1-4A88-82E5-526F5D36DD0E}.Release|Any CPU.Build.0 = Release|Any CPU
	EndGlobalSection
	GlobalSection(SolutionProperties) = preSolution
		HideSolutionNode = FALSE
	EndGlobalSection
	GlobalSection(ExtensibilityGlobals) = postSolution
		SolutionGuid = {FE577F54-E64A-42A3-A8D1-CFDADF6393A7}
	EndGlobalSection
EndGlobal
